
Microsoft Visual Studio Solution File, Format Version 12.00
# Visual Studio Version 16
VisualStudioVersion = 16.0.30204.135
MinimumVisualStudioVersion = 10.0.40219.1
Project("{FAE04EC0-301F-11D3-BF4B-00C04F79EFBC}") = "SecretsGen", "SecretsGen.csproj", "{DD54E96E-BD29-4A82-ABB9-11343EDDC4C7}"
EndProject
Project("{9A19103F-16F7-4668-BE54-9A1E7A4F7556}") = "XMLIO", "..\liblet\cs\TCore.XMLIO\XMLIO\XMLIO.csproj", "{6468923D-F70A-4CB5-BA3D-B39D49307031}"
EndProject
Global
	GlobalSection(SolutionConfigurationPlatforms) = preSolution
		Debug|Any CPU = Debug|Any CPU
		Release|Any CPU = Release|Any CPU
	EndGlobalSection
	GlobalSection(ProjectConfigurationPlatforms) = postSolution
		{DD54E96E-BD29-4A82-ABB9-11343EDDC4C7}.Debug|Any CPU.ActiveCfg = Debug|Any CPU
		{DD54E96E-BD29-4A82-ABB9-11343EDDC4C7}.Debug|Any CPU.Build.0 = Debug|Any CPU
		{DD54E96E-BD29-4A82-ABB9-11343EDDC4C7}.Release|Any CPU.ActiveCfg = Release|Any CPU
		{DD54E96E-BD29-4A82-ABB9-11343EDDC4C7}.Release|Any CPU.Build.0 = Release|Any CPU
		{6468923D-F70A-4CB5-BA3D-B39D49307031}.Debug|Any CPU.ActiveCfg = Debug|Any CPU
		{6468923D-F70A-4CB5-BA3D-B39D49307031}.Debug|Any CPU.Build.0 = Debug|Any CPU
		{6468923D-F70A-4CB5-BA3D-B39D49307031}.Release|Any CPU.ActiveCfg = Release|Any CPU
		{6468923D-F70A-4CB5-BA3D-B39D49307031}.Release|Any CPU.Build.0 = Release|Any CPU
	EndGlobalSection
	GlobalSection(SolutionProperties) = preSolution
		HideSolutionNode = FALSE
	EndGlobalSection
	GlobalSection(ExtensibilityGlobals) = postSolution
		SolutionGuid = {55A943D7-6F43-4E16-93E8-142FF40C0995}
	EndGlobalSection
EndGlobal
